
Microsoft Visual Studio Solution File, Format Version 12.00
# Visual Studio Version 16
VisualStudioVersion = 16.0.29411.108
MinimumVisualStudioVersion = 10.0.40219.1
Project("{FAE04EC0-301F-11D3-BF4B-00C04F79EFBC}") = "Employee Record", "Employee Record\Employee Record.csproj", "{C6DAC89B-4EFD-4769-A27B-985111EF08EB}"
EndProject
Global
	GlobalSection(SolutionConfigurationPlatforms) = preSolution
		Debug|Any CPU = Debug|Any CPU
		Release|Any CPU = Release|Any CPU
	EndGlobalSection
	GlobalSection(ProjectConfigurationPlatforms) = postSolution
		{C6DAC89B-4EFD-4769-A27B-985111EF08EB}.Debug|Any CPU.ActiveCfg = Debug|Any CPU
		{C6DAC89B-4EFD-4769-A27B-985111EF08EB}.Debug|Any CPU.Build.0 = Debug|Any CPU
		{C6DAC89B-4EFD-4769-A27B-985111EF08EB}.Release|Any CPU.ActiveCfg = Release|Any CPU
		{C6DAC89B-4EFD-4769-A27B-985111EF08EB}.Release|Any CPU.Build.0 = Release|Any CPU
	EndGlobalSection
	GlobalSection(SolutionProperties) = preSolution
		HideSolutionNode = FALSE
	EndGlobalSection
	GlobalSection(ExtensibilityGlobals) = postSolution
		SolutionGuid = {58855B7E-863F-4ABA-8C1F-5557DD089A3C}
	EndGlobalSection
EndGlobal
